# This file was autogenerated by Stack.
# You should not edit this file by hand.
# For more information, please see the documentation at:
#   https://docs.haskellstack.org/en/stable/lock_files

packages:
- completed:
    hackage: amazonka-1.6.1@sha256:d863557379350ed6bbb91187abeb8c349a654f60b140d138710486f58ae7c476,3536
    pantry-tree:
      size: 992
      sha256: 55747f9b56063ea1be73a962e1ce44528b9856e119e2d9f1238397b3112b6e70
  original:
    hackage: amazonka-1.6.1@sha256:d863557379350ed6bbb91187abeb8c349a654f60b140d138710486f58ae7c476,3536
- completed:
    hackage: amazonka-core-1.6.1@sha256:9bc59ce403c6eeba3b3eaf3f10e5f0b6a33b6edbbf8f6de0dd6f4c67b86fa698,5135
    pantry-tree:
      size: 3438
      sha256: c13e643176308771491ec0e06390e269047bb1b28be4535992842f7426a95eb4
  original:
    hackage: amazonka-core-1.6.1@sha256:9bc59ce403c6eeba3b3eaf3f10e5f0b6a33b6edbbf8f6de0dd6f4c67b86fa698,5135
- completed:
    subdir: amazonka-ec2
    cabal-file:
      size: 16305
      sha256: 208908e8a30937a3ec640e8b53de2708d805a28c3900dbf447db12a61d9b7a50
    name: amazonka-ec2
    version: 1.6.1
    git: git@github.com:hyraxbio/amazonka.git
    pantry-tree:
      size: 67103
      sha256: 42bfb2d142841c427abe4742398cc272754101299f2d886bfcf46158133ec95a
    commit: 97327edbd0af4452b9b62420e4cda097da918f8e
  original:
    subdir: amazonka-ec2
    git: git@github.com:hyraxbio/amazonka.git
    commit: 97327edbd0af4452b9b62420e4cda097da918f8e
snapshots:
- completed:
    size: 524804
    url: https://raw.githubusercontent.com/commercialhaskell/stackage-snapshots/master/lts/14/16.yaml
    sha256: 4d1519a4372d051d47a5eae2241cf3fb54e113d7475f89707ddb6ec06add2888
  original: lts-14.16
