# This file was autogenerated by Stack.
# You should not edit this file by hand.
# For more information, please see the documentation at:
#   https://docs.haskellstack.org/en/stable/lock_files

packages:
- completed:
    hackage: strip-ansi-escape-0.1.0.0@sha256:08f2ed93b16086a837ec46eab7ce8d27cf39d47783caaeb818878ea33c2ff75f,1628
    pantry-tree:
      size: 671
      sha256: cf7712453587e8ea69b96f33e2e8015c22d3b448259d4cace663cc15657309d7
  original:
    hackage: strip-ansi-escape-0.1.0.0@sha256:08f2ed93b16086a837ec46eab7ce8d27cf39d47783caaeb818878ea33c2ff75f,1628
- completed:
    hackage: text-zipper-0.11@sha256:8b198643c638d8c29a9b34d0b350387da7b6ef89c6e578aaaabe4170eb426310,1469
    pantry-tree:
      size: 600
      sha256: 56dd37ebfd21227c4fc77d1b60708b14522fb43d20280c7d04f4418a9b1fface
  original:
    hackage: text-zipper-0.11@sha256:8b198643c638d8c29a9b34d0b350387da7b6ef89c6e578aaaabe4170eb426310,1469
- completed:
    name: brickBedrock
    version: 0.1.6.1
    git: https://github.com/hyraxbio/brickBedrock.git
    pantry-tree:
      size: 1246
      sha256: 3ab6e138be0e81f5bb69c74134e70c9d3783487bda4a4647e49806310df943c2
    commit: a9b7c5e4709a6c3ec251b011565daefa00772d89
  original:
    git: https://github.com/hyraxbio/brickBedrock.git
    commit: a9b7c5e4709a6c3ec251b011565daefa00772d89
snapshots:
- completed:
    size: 532414
    url: https://raw.githubusercontent.com/commercialhaskell/stackage-snapshots/master/lts/16/22.yaml
    sha256: e483fb88549fc0f454c190979bf35ac91c7aceff2c0e71e7d8edd11842d772d8
  original: lts-16.22
